
Microsoft Visual Studio Solution File, Format Version 12.00
# Visual Studio Version 17
VisualStudioVersion = 17.5.002.0
MinimumVisualStudioVersion = 10.0.40219.1
Project("{2150E333-8FDC-42A3-9474-1A3956D46DE8}") = "backend", "backend", "{4916EB04-DFCC-4B33-BCB7-E91BFF111BB7}"
EndProject
Project("{9A19103F-16F7-4668-BE54-9A1E7A4F7556}") = "TodoApi", "backend\TodoApi\TodoApi.csproj", "{4F786C49-BAD8-4A34-8C8F-B9F1A6D2531A}"
EndProject
Global
	GlobalSection(SolutionConfigurationPlatforms) = preSolution
		Debug|Any CPU = Debug|Any CPU
		Release|Any CPU = Release|Any CPU
	EndGlobalSection
	GlobalSection(ProjectConfigurationPlatforms) = postSolution
		{4F786C49-BAD8-4A34-8C8F-B9F1A6D2531A}.Debug|Any CPU.ActiveCfg = Debug|Any CPU
		{4F786C49-BAD8-4A34-8C8F-B9F1A6D2531A}.Debug|Any CPU.Build.0 = Debug|Any CPU
		{4F786C49-BAD8-4A34-8C8F-B9F1A6D2531A}.Release|Any CPU.ActiveCfg = Release|Any CPU
		{4F786C49-BAD8-4A34-8C8F-B9F1A6D2531A}.Release|Any CPU.Build.0 = Release|Any CPU
	EndGlobalSection
	GlobalSection(SolutionProperties) = preSolution
		HideSolutionNode = FALSE
	EndGlobalSection
	GlobalSection(NestedProjects) = preSolution
		{4F786C49-BAD8-4A34-8C8F-B9F1A6D2531A} = {4916EB04-DFCC-4B33-BCB7-E91BFF111BB7}
	EndGlobalSection
	GlobalSection(ExtensibilityGlobals) = postSolution
		SolutionGuid = {8D45496C-7C0E-4498-98E4-D9EDAFC74925}
	EndGlobalSection
EndGlobal
